
Microsoft Visual Studio Solution File, Format Version 12.00
# Visual Studio Version 16
VisualStudioVersion = 16.0.29123.88
MinimumVisualStudioVersion = 10.0.40219.1
Project("{FAE04EC0-301F-11D3-BF4B-00C04F79EFBC}") = "cs6", "cs6\cs6.csproj", "{7B464515-42A2-4CC9-B6EE-BE45FAEE5799}"
EndProject
Global
	GlobalSection(SolutionConfigurationPlatforms) = preSolution
		Debug|Any CPU = Debug|Any CPU
		Release|Any CPU = Release|Any CPU
	EndGlobalSection
	GlobalSection(ProjectConfigurationPlatforms) = postSolution
		{7B464515-42A2-4CC9-B6EE-BE45FAEE5799}.Debug|Any CPU.ActiveCfg = Debug|Any CPU
		{7B464515-42A2-4CC9-B6EE-BE45FAEE5799}.Debug|Any CPU.Build.0 = Debug|Any CPU
		{7B464515-42A2-4CC9-B6EE-BE45FAEE5799}.Release|Any CPU.ActiveCfg = Release|Any CPU
		{7B464515-42A2-4CC9-B6EE-BE45FAEE5799}.Release|Any CPU.Build.0 = Release|Any CPU
	EndGlobalSection
	GlobalSection(SolutionProperties) = preSolution
		HideSolutionNode = FALSE
	EndGlobalSection
	GlobalSection(ExtensibilityGlobals) = postSolution
		SolutionGuid = {BE453D07-8EA5-47F6-BCE2-54E4EDA80250}
	EndGlobalSection
EndGlobal
